# This file is automatically @generated by Cargo.
# It is not intended for manual editing.
version = 3

[[package]]
name = "bech32"
version = "0.10.0-beta"
source = "registry+https://github.com/rust-lang/crates.io-index"
checksum = "98f7eed2b2781a6f0b5c903471d48e15f56fb4e1165df8a9a2337fd1a59d45ea"

[[package]]
name = "bitcoin"
version = "0.31.1"
source = "registry+https://github.com/rust-lang/crates.io-index"
checksum = "fd00f3c09b5f21fb357abe32d29946eb8bb7a0862bae62c0b5e4a692acbbe73c"
dependencies = [
 "bech32",
 "bitcoin-internals",
 "bitcoin_hashes",
 "hex-conservative",
 "hex_lit",
 "secp256k1",
]

[[package]]
name = "bitcoin-internals"
version = "0.2.0"
source = "registry+https://github.com/rust-lang/crates.io-index"
checksum = "9425c3bf7089c983facbae04de54513cce73b41c7f9ff8c845b54e7bc64ebbfb"

[[package]]
name = "bitcoin_hashes"
version = "0.13.0"
source = "registry+https://github.com/rust-lang/crates.io-index"
checksum = "1930a4dabfebb8d7d9992db18ebe3ae2876f0a305fab206fd168df931ede293b"
dependencies = [
 "bitcoin-internals",
 "hex-conservative",
]

[[package]]
name = "bs58"
version = "0.5.0"
source = "registry+https://github.com/rust-lang/crates.io-index"
checksum = "f5353f36341f7451062466f0b755b96ac3a9547e4d7f6b70d603fc721a7d7896"
dependencies = [
 "tinyvec",
]

[[package]]
name = "cc"
version = "1.0.83"
source = "registry+https://github.com/rust-lang/crates.io-index"
checksum = "f1174fb0b6ec23863f8b971027804a42614e347eafb0a95bf0b12cdae21fc4d0"
dependencies = [
 "libc",
]

[[package]]
name = "cfg-if"
version = "1.0.0"
source = "registry+https://github.com/rust-lang/crates.io-index"
checksum = "baf1de4339761588bc0619e3cbc0120ee582ebb74b53b4efbf79117bd2da40fd"

[[package]]
name = "getrandom"
version = "0.2.12"
source = "registry+https://github.com/rust-lang/crates.io-index"
checksum = "190092ea657667030ac6a35e305e62fc4dd69fd98ac98631e5d3a2b1575a12b5"
dependencies = [
 "cfg-if",
 "libc",
 "wasi",
]

[[package]]
name = "hex"
version = "0.4.3"
source = "registry+https://github.com/rust-lang/crates.io-index"
checksum = "7f24254aa9a54b5c858eaee2f5bccdb46aaf0e486a595ed5fd8f86ba55232a70"

[[package]]
name = "hex-conservative"
version = "0.1.1"
source = "registry+https://github.com/rust-lang/crates.io-index"
checksum = "30ed443af458ccb6d81c1e7e661545f94d3176752fb1df2f543b902a1e0f51e2"

[[package]]
name = "hex_lit"
version = "0.1.1"
source = "registry+https://github.com/rust-lang/crates.io-index"
checksum = "3011d1213f159867b13cfd6ac92d2cd5f1345762c63be3554e84092d85a50bbd"

[[package]]
name = "libc"
version = "0.2.153"
source = "registry+https://github.com/rust-lang/crates.io-index"
checksum = "9c198f91728a82281a64e1f4f9eeb25d82cb32a5de251c6bd1b5154d63a8e7bd"

[[package]]
name = "nubconcepts"
version = "0.1.0"
dependencies = [
 "bitcoin",
 "bs58",
 "getrandom",
 "hex",
 "secp256k1",
]

[[package]]
name = "secp256k1"
version = "0.28.2"
source = "registry+https://github.com/rust-lang/crates.io-index"
checksum = "d24b59d129cdadea20aea4fb2352fa053712e5d713eee47d700cd4b2bc002f10"
dependencies = [
 "bitcoin_hashes",
 "secp256k1-sys",
]

[[package]]
name = "secp256k1-sys"
version = "0.9.2"
source = "registry+https://github.com/rust-lang/crates.io-index"
checksum = "e5d1746aae42c19d583c3c1a8c646bfad910498e2051c551a7f2e3c0c9fbb7eb"
dependencies = [
 "cc",
]

[[package]]
name = "tinyvec"
version = "1.6.0"
source = "registry+https://github.com/rust-lang/crates.io-index"
checksum = "87cc5ceb3875bb20c2890005a4e226a4651264a5c75edb2421b52861a0a0cb50"
dependencies = [
 "tinyvec_macros",
]

[[package]]
name = "tinyvec_macros"
version = "0.1.1"
source = "registry+https://github.com/rust-lang/crates.io-index"
checksum = "1f3ccbac311fea05f86f61904b462b55fb3df8837a366dfc601a0161d0532f20"

[[package]]
name = "wasi"
version = "0.11.0+wasi-snapshot-preview1"
source = "registry+https://github.com/rust-lang/crates.io-index"
checksum = "9c8d87e72b64a3b4db28d11ce29237c246188f4f51057d65a7eab63b7987e423"
